
Microsoft Visual Studio Solution File, Format Version 12.00
# Visual Studio Version 16
VisualStudioVersion = 16.0.30320.27
MinimumVisualStudioVersion = 10.0.40219.1
Project("{FAE04EC0-301F-11D3-BF4B-00C04F79EFBC}") = "PairProgramGame", "PairProgramGame\PairProgramGame.csproj", "{D5198493-014C-4F09-AD54-0C7DFA73D48B}"
EndProject
Global
	GlobalSection(SolutionConfigurationPlatforms) = preSolution
		Debug|Any CPU = Debug|Any CPU
		Release|Any CPU = Release|Any CPU
	EndGlobalSection
	GlobalSection(ProjectConfigurationPlatforms) = postSolution
		{D5198493-014C-4F09-AD54-0C7DFA73D48B}.Debug|Any CPU.ActiveCfg = Debug|Any CPU
		{D5198493-014C-4F09-AD54-0C7DFA73D48B}.Debug|Any CPU.Build.0 = Debug|Any CPU
		{D5198493-014C-4F09-AD54-0C7DFA73D48B}.Release|Any CPU.ActiveCfg = Release|Any CPU
		{D5198493-014C-4F09-AD54-0C7DFA73D48B}.Release|Any CPU.Build.0 = Release|Any CPU
	EndGlobalSection
	GlobalSection(SolutionProperties) = preSolution
		HideSolutionNode = FALSE
	EndGlobalSection
	GlobalSection(ExtensibilityGlobals) = postSolution
		SolutionGuid = {99567173-1673-489C-B26C-E89B426E01E2}
	EndGlobalSection
EndGlobal
